
Microsoft Visual Studio Solution File, Format Version 12.00
# Visual Studio Version 16
VisualStudioVersion = 16.0.30611.23
MinimumVisualStudioVersion = 10.0.40219.1
Project("{FAE04EC0-301F-11D3-BF4B-00C04F79EFBC}") = "LibraryApp", "LibraryApp\LibraryApp.csproj", "{0357730B-4B4A-4AF5-8E2A-6496DEF276A7}"
EndProject
Global
	GlobalSection(SolutionConfigurationPlatforms) = preSolution
		Debug|Any CPU = Debug|Any CPU
		Release|Any CPU = Release|Any CPU
	EndGlobalSection
	GlobalSection(ProjectConfigurationPlatforms) = postSolution
		{0357730B-4B4A-4AF5-8E2A-6496DEF276A7}.Debug|Any CPU.ActiveCfg = Debug|Any CPU
		{0357730B-4B4A-4AF5-8E2A-6496DEF276A7}.Debug|Any CPU.Build.0 = Debug|Any CPU
		{0357730B-4B4A-4AF5-8E2A-6496DEF276A7}.Release|Any CPU.ActiveCfg = Release|Any CPU
		{0357730B-4B4A-4AF5-8E2A-6496DEF276A7}.Release|Any CPU.Build.0 = Release|Any CPU
	EndGlobalSection
	GlobalSection(SolutionProperties) = preSolution
		HideSolutionNode = FALSE
	EndGlobalSection
	GlobalSection(ExtensibilityGlobals) = postSolution
		SolutionGuid = {DB61B4AD-3362-47E9-B67F-C7FE3663F6C8}
	EndGlobalSection
EndGlobal
