
Microsoft Visual Studio Solution File, Format Version 12.00
# Visual Studio Version 16
VisualStudioVersion = 16.0.30611.23
MinimumVisualStudioVersion = 10.0.40219.1
Project("{FAE04EC0-301F-11D3-BF4B-00C04F79EFBC}") = "MvcCoreDemoApp", "MvcCoreDemoApp\MvcCoreDemoApp.csproj", "{9C79A716-FC2B-4EBA-917F-0D5ACDE27467}"
EndProject
Global
	GlobalSection(SolutionConfigurationPlatforms) = preSolution
		Debug|Any CPU = Debug|Any CPU
		Release|Any CPU = Release|Any CPU
	EndGlobalSection
	GlobalSection(ProjectConfigurationPlatforms) = postSolution
		{9C79A716-FC2B-4EBA-917F-0D5ACDE27467}.Debug|Any CPU.ActiveCfg = Debug|Any CPU
		{9C79A716-FC2B-4EBA-917F-0D5ACDE27467}.Debug|Any CPU.Build.0 = Debug|Any CPU
		{9C79A716-FC2B-4EBA-917F-0D5ACDE27467}.Release|Any CPU.ActiveCfg = Release|Any CPU
		{9C79A716-FC2B-4EBA-917F-0D5ACDE27467}.Release|Any CPU.Build.0 = Release|Any CPU
	EndGlobalSection
	GlobalSection(SolutionProperties) = preSolution
		HideSolutionNode = FALSE
	EndGlobalSection
	GlobalSection(ExtensibilityGlobals) = postSolution
		SolutionGuid = {F37E0536-99B6-486C-B53F-56243A3C7E95}
	EndGlobalSection
EndGlobal
