
Microsoft Visual Studio Solution File, Format Version 12.00
# Visual Studio Version 16
VisualStudioVersion = 16.0.30611.23
MinimumVisualStudioVersion = 10.0.40219.1
Project("{FAE04EC0-301F-11D3-BF4B-00C04F79EFBC}") = "MyLibraryApp", "MyLibraryApp\MyLibraryApp.csproj", "{B0AD81C3-462D-4DFE-98B2-9A395E3BF0A2}"
EndProject
Global
	GlobalSection(SolutionConfigurationPlatforms) = preSolution
		Debug|Any CPU = Debug|Any CPU
		Release|Any CPU = Release|Any CPU
	EndGlobalSection
	GlobalSection(ProjectConfigurationPlatforms) = postSolution
		{B0AD81C3-462D-4DFE-98B2-9A395E3BF0A2}.Debug|Any CPU.ActiveCfg = Debug|Any CPU
		{B0AD81C3-462D-4DFE-98B2-9A395E3BF0A2}.Debug|Any CPU.Build.0 = Debug|Any CPU
		{B0AD81C3-462D-4DFE-98B2-9A395E3BF0A2}.Release|Any CPU.ActiveCfg = Release|Any CPU
		{B0AD81C3-462D-4DFE-98B2-9A395E3BF0A2}.Release|Any CPU.Build.0 = Release|Any CPU
	EndGlobalSection
	GlobalSection(SolutionProperties) = preSolution
		HideSolutionNode = FALSE
	EndGlobalSection
	GlobalSection(ExtensibilityGlobals) = postSolution
		SolutionGuid = {9C4DD5BE-87C2-46CF-9BBA-AE202CF56E45}
	EndGlobalSection
EndGlobal
