
Microsoft Visual Studio Solution File, Format Version 12.00
# Visual Studio Version 16
VisualStudioVersion = 16.0.30517.126
MinimumVisualStudioVersion = 10.0.40219.1
Project("{FAE04EC0-301F-11D3-BF4B-00C04F79EFBC}") = "WebApplication1", "WebApplication1\WebApplication1.csproj", "{EB61F4D5-D32E-4A84-9232-0E90CB1F36DC}"
EndProject
Global
	GlobalSection(SolutionConfigurationPlatforms) = preSolution
		Debug|Any CPU = Debug|Any CPU
		Release|Any CPU = Release|Any CPU
	EndGlobalSection
	GlobalSection(ProjectConfigurationPlatforms) = postSolution
		{EB61F4D5-D32E-4A84-9232-0E90CB1F36DC}.Debug|Any CPU.ActiveCfg = Debug|Any CPU
		{EB61F4D5-D32E-4A84-9232-0E90CB1F36DC}.Debug|Any CPU.Build.0 = Debug|Any CPU
		{EB61F4D5-D32E-4A84-9232-0E90CB1F36DC}.Release|Any CPU.ActiveCfg = Release|Any CPU
		{EB61F4D5-D32E-4A84-9232-0E90CB1F36DC}.Release|Any CPU.Build.0 = Release|Any CPU
	EndGlobalSection
	GlobalSection(SolutionProperties) = preSolution
		HideSolutionNode = FALSE
	EndGlobalSection
	GlobalSection(ExtensibilityGlobals) = postSolution
		SolutionGuid = {D82AFCEE-EBEE-4EDC-80C8-3208D39200C1}
	EndGlobalSection
EndGlobal
