
Microsoft Visual Studio Solution File, Format Version 12.00
# Visual Studio Version 16
VisualStudioVersion = 16.0.30611.23
MinimumVisualStudioVersion = 10.0.40219.1
Project("{FAE04EC0-301F-11D3-BF4B-00C04F79EFBC}") = "OOPFabrica", "OOPFabrica\OOPFabrica.csproj", "{AF7198A8-852C-4800-B241-7DB8EFEE61E8}"
EndProject
Global
	GlobalSection(SolutionConfigurationPlatforms) = preSolution
		Debug|Any CPU = Debug|Any CPU
		Release|Any CPU = Release|Any CPU
	EndGlobalSection
	GlobalSection(ProjectConfigurationPlatforms) = postSolution
		{AF7198A8-852C-4800-B241-7DB8EFEE61E8}.Debug|Any CPU.ActiveCfg = Debug|Any CPU
		{AF7198A8-852C-4800-B241-7DB8EFEE61E8}.Debug|Any CPU.Build.0 = Debug|Any CPU
		{AF7198A8-852C-4800-B241-7DB8EFEE61E8}.Release|Any CPU.ActiveCfg = Release|Any CPU
		{AF7198A8-852C-4800-B241-7DB8EFEE61E8}.Release|Any CPU.Build.0 = Release|Any CPU
	EndGlobalSection
	GlobalSection(SolutionProperties) = preSolution
		HideSolutionNode = FALSE
	EndGlobalSection
	GlobalSection(ExtensibilityGlobals) = postSolution
		SolutionGuid = {0F9A15EC-1E41-4075-B257-12EDBE73E9B8}
	EndGlobalSection
EndGlobal
