
Microsoft Visual Studio Solution File, Format Version 12.00
# Visual Studio Version 16
VisualStudioVersion = 16.0.30611.23
MinimumVisualStudioVersion = 10.0.40219.1
Project("{FAE04EC0-301F-11D3-BF4B-00C04F79EFBC}") = "AuthentificationApp", "AuthentificationApp\AuthentificationApp.csproj", "{FC555DD4-5B6B-4FA0-B2ED-C78C13B2EB62}"
EndProject
Global
	GlobalSection(SolutionConfigurationPlatforms) = preSolution
		Debug|Any CPU = Debug|Any CPU
		Release|Any CPU = Release|Any CPU
	EndGlobalSection
	GlobalSection(ProjectConfigurationPlatforms) = postSolution
		{FC555DD4-5B6B-4FA0-B2ED-C78C13B2EB62}.Debug|Any CPU.ActiveCfg = Debug|Any CPU
		{FC555DD4-5B6B-4FA0-B2ED-C78C13B2EB62}.Debug|Any CPU.Build.0 = Debug|Any CPU
		{FC555DD4-5B6B-4FA0-B2ED-C78C13B2EB62}.Release|Any CPU.ActiveCfg = Release|Any CPU
		{FC555DD4-5B6B-4FA0-B2ED-C78C13B2EB62}.Release|Any CPU.Build.0 = Release|Any CPU
	EndGlobalSection
	GlobalSection(SolutionProperties) = preSolution
		HideSolutionNode = FALSE
	EndGlobalSection
	GlobalSection(ExtensibilityGlobals) = postSolution
		SolutionGuid = {30D861D3-E03F-4152-8A6C-3D8D4D0D4B30}
	EndGlobalSection
EndGlobal
